// !$*UTF8*$!
{
	archiveVersion = 1;
	classes = {
	};
	objectVersion = 56;
	objects = {

/* Begin PBXBuildFile section */
		700D58932C38213F00062863 /* NewTask.swift in Sources */ = {isa = PBXBuildFile; fileRef = 700D58922C38213F00062863 /* NewTask.swift */; };
		700D58962C38219800062863 /* TaskUnity.swift in Sources */ = {isa = PBXBuildFile; fileRef = 700D58952C38219800062863 /* TaskUnity.swift */; };
		70451D2C2C56736600FF6A13 /* TaskChanges.swift in Sources */ = {isa = PBXBuildFile; fileRef = 70451D2B2C56736600FF6A13 /* TaskChanges.swift */; };
		70451D2E2C57B4F700FF6A13 /* LoginViewModel.swift in Sources */ = {isa = PBXBuildFile; fileRef = 70451D2D2C57B4F700FF6A13 /* LoginViewModel.swift */; };
		70451D302C57B50A00FF6A13 /* UpdateTaskViewModel.swift in Sources */ = {isa = PBXBuildFile; fileRef = 70451D2F2C57B50A00FF6A13 /* UpdateTaskViewModel.swift */; };
		7064B2852C36E75400B852ED /* TaskService.swift in Sources */ = {isa = PBXBuildFile; fileRef = 7064B2842C36E75400B852ED /* TaskService.swift */; };
		7064B28A2C36E80500B852ED /* UserManager.swift in Sources */ = {isa = PBXBuildFile; fileRef = 7064B2892C36E80500B852ED /* UserManager.swift */; };
		708E1BA62C3813F400E00FF1 /* UserService.swift in Sources */ = {isa = PBXBuildFile; fileRef = 708E1BA52C3813F400E00FF1 /* UserService.swift */; };
		7093437E2C5D2963008D55B4 /* LoadingView.swift in Sources */ = {isa = PBXBuildFile; fileRef = 7093437D2C5D2963008D55B4 /* LoadingView.swift */; };
		709343802C5D2A91008D55B4 /* HomeViewModel.swift in Sources */ = {isa = PBXBuildFile; fileRef = 7093437F2C5D2A91008D55B4 /* HomeViewModel.swift */; };
		709343822C5D2B11008D55B4 /* AddTaskViewModel.swift in Sources */ = {isa = PBXBuildFile; fileRef = 709343812C5D2B11008D55B4 /* AddTaskViewModel.swift */; };
		7094CE642C2470AD0016F01B /* AddTaskView.swift in Sources */ = {isa = PBXBuildFile; fileRef = 7094CE632C2470AD0016F01B /* AddTaskView.swift */; };
		70A298AE2BED1941008C9A37 /* ToDoApp.swift in Sources */ = {isa = PBXBuildFile; fileRef = 70A298AD2BED1941008C9A37 /* ToDoApp.swift */; };
		70A298B22BED1944008C9A37 /* Assets.xcassets in Resources */ = {isa = PBXBuildFile; fileRef = 70A298B12BED1944008C9A37 /* Assets.xcassets */; };
		70A298B52BED1944008C9A37 /* Preview Assets.xcassets in Resources */ = {isa = PBXBuildFile; fileRef = 70A298B42BED1944008C9A37 /* Preview Assets.xcassets */; };
		70BAF9452BFF65E70073AA23 /* LoginView.swift in Sources */ = {isa = PBXBuildFile; fileRef = 70BAF9442BFF65E70073AA23 /* LoginView.swift */; };
		70C169532C0DF22A005CCC6C /* HomeView.swift in Sources */ = {isa = PBXBuildFile; fileRef = 70C169522C0DF22A005CCC6C /* HomeView.swift */; };
		70DFAEB22C5BCFFA00D96210 /* LoadingView.swift in Sources */ = {isa = PBXBuildFile; fileRef = 70DFAEB12C5BCFFA00D96210 /* LoadingView.swift */; };
		70E861B82C40155A00F5032A /* UpdateTaskView.swift in Sources */ = {isa = PBXBuildFile; fileRef = 70E861B72C40155A00F5032A /* UpdateTaskView.swift */; };
/* End PBXBuildFile section */

/* Begin PBXFileReference section */
		700D58922C38213F00062863 /* NewTask.swift */ = {isa = PBXFileReference; lastKnownFileType = sourcecode.swift; path = NewTask.swift; sourceTree = "<group>"; };
		700D58952C38219800062863 /* TaskUnity.swift */ = {isa = PBXFileReference; lastKnownFileType = sourcecode.swift; path = TaskUnity.swift; sourceTree = "<group>"; };
		70451D2B2C56736600FF6A13 /* TaskChanges.swift */ = {isa = PBXFileReference; lastKnownFileType = sourcecode.swift; path = TaskChanges.swift; sourceTree = "<group>"; };
		70451D2D2C57B4F700FF6A13 /* LoginViewModel.swift */ = {isa = PBXFileReference; lastKnownFileType = sourcecode.swift; path = LoginViewModel.swift; sourceTree = "<group>"; };
		70451D2F2C57B50A00FF6A13 /* UpdateTaskViewModel.swift */ = {isa = PBXFileReference; lastKnownFileType = sourcecode.swift; path = UpdateTaskViewModel.swift; sourceTree = "<group>"; };
		7064B2842C36E75400B852ED /* TaskService.swift */ = {isa = PBXFileReference; lastKnownFileType = sourcecode.swift; path = TaskService.swift; sourceTree = "<group>"; };
		7064B2892C36E80500B852ED /* UserManager.swift */ = {isa = PBXFileReference; lastKnownFileType = sourcecode.swift; path = UserManager.swift; sourceTree = "<group>"; };
		708E1BA52C3813F400E00FF1 /* UserService.swift */ = {isa = PBXFileReference; lastKnownFileType = sourcecode.swift; path = UserService.swift; sourceTree = "<group>"; };
		7093437D2C5D2963008D55B4 /* LoadingView.swift */ = {isa = PBXFileReference; lastKnownFileType = sourcecode.swift; path = LoadingView.swift; sourceTree = "<group>"; };
		7093437F2C5D2A91008D55B4 /* HomeViewModel.swift */ = {isa = PBXFileReference; lastKnownFileType = sourcecode.swift; path = HomeViewModel.swift; sourceTree = "<group>"; };
		709343812C5D2B11008D55B4 /* AddTaskViewModel.swift */ = {isa = PBXFileReference; lastKnownFileType = sourcecode.swift; path = AddTaskViewModel.swift; sourceTree = "<group>"; };
		7094CE632C2470AD0016F01B /* AddTaskView.swift */ = {isa = PBXFileReference; lastKnownFileType = sourcecode.swift; path = AddTaskView.swift; sourceTree = "<group>"; };
		70A298AA2BED1941008C9A37 /* ToDo.app */ = {isa = PBXFileReference; explicitFileType = wrapper.application; includeInIndex = 0; path = ToDo.app; sourceTree = BUILT_PRODUCTS_DIR; };
		70A298AD2BED1941008C9A37 /* ToDoApp.swift */ = {isa = PBXFileReference; lastKnownFileType = sourcecode.swift; path = ToDoApp.swift; sourceTree = "<group>"; };
		70A298B12BED1944008C9A37 /* Assets.xcassets */ = {isa = PBXFileReference; lastKnownFileType = folder.assetcatalog; path = Assets.xcassets; sourceTree = "<group>"; };
		70A298B42BED1944008C9A37 /* Preview Assets.xcassets */ = {isa = PBXFileReference; lastKnownFileType = folder.assetcatalog; path = "Preview Assets.xcassets"; sourceTree = "<group>"; };
		70BAF9442BFF65E70073AA23 /* LoginView.swift */ = {isa = PBXFileReference; lastKnownFileType = sourcecode.swift; path = LoginView.swift; sourceTree = "<group>"; };
		70C169522C0DF22A005CCC6C /* HomeView.swift */ = {isa = PBXFileReference; lastKnownFileType = sourcecode.swift; path = HomeView.swift; sourceTree = "<group>"; };
		70CA107E2BFE339000366891 /* Info.plist */ = {isa = PBXFileReference; lastKnownFileType = text.plist; path = Info.plist; sourceTree = "<group>"; };
		70DFAEB12C5BCFFA00D96210 /* LoadingView.swift */ = {isa = PBXFileReference; lastKnownFileType = sourcecode.swift; path = LoadingView.swift; sourceTree = "<group>"; };
		70E861B72C40155A00F5032A /* UpdateTaskView.swift */ = {isa = PBXFileReference; lastKnownFileType = sourcecode.swift; path = UpdateTaskView.swift; sourceTree = "<group>"; };
/* End PBXFileReference section */

/* Begin PBXFrameworksBuildPhase section */
		70A298A72BED1941008C9A37 /* Frameworks */ = {
			isa = PBXFrameworksBuildPhase;
			buildActionMask = 2147483647;
			files = (
			);
			runOnlyForDeploymentPostprocessing = 0;
		};
/* End PBXFrameworksBuildPhase section */

/* Begin PBXGroup section */
		700D58942C38215000062863 /* Model */ = {
			isa = PBXGroup;
			children = (
				700D58922C38213F00062863 /* NewTask.swift */,
				700D58952C38219800062863 /* TaskUnity.swift */,
				70451D2B2C56736600FF6A13 /* TaskChanges.swift */,
			);
			path = Model;
			sourceTree = "<group>";
		};
		7064B2832C36DFF200B852ED /* Networking */ = {
			isa = PBXGroup;
			children = (
				7064B2842C36E75400B852ED /* TaskService.swift */,
				708E1BA52C3813F400E00FF1 /* UserService.swift */,
			);
			path = Networking;
			sourceTree = "<group>";
		};
		7064B2882C36E77E00B852ED /* Manager */ = {
			isa = PBXGroup;
			children = (
				7064B2892C36E80500B852ED /* UserManager.swift */,
			);
			path = Manager;
			sourceTree = "<group>";
		};
		7094CE622C2470560016F01B /* AddTaskView */ = {
			isa = PBXGroup;
			children = (
				7094CE632C2470AD0016F01B /* AddTaskView.swift */,
				709343812C5D2B11008D55B4 /* AddTaskViewModel.swift */,
			);
			path = AddTaskView;
			sourceTree = "<group>";
		};
		70A298A12BED1941008C9A37 = {
			isa = PBXGroup;
			children = (
				70A298AC2BED1941008C9A37 /* ToDo */,
				70A298AB2BED1941008C9A37 /* Products */,
			);
			sourceTree = "<group>";
		};
		70A298AB2BED1941008C9A37 /* Products */ = {
			isa = PBXGroup;
			children = (
				70A298AA2BED1941008C9A37 /* ToDo.app */,
			);
			name = Products;
			sourceTree = "<group>";
		};
		70A298AC2BED1941008C9A37 /* ToDo */ = {
			isa = PBXGroup;
			children = (
				70CA107E2BFE339000366891 /* Info.plist */,
				70A298B12BED1944008C9A37 /* Assets.xcassets */,
				70A298AD2BED1941008C9A37 /* ToDoApp.swift */,
				70DFAEB12C5BCFFA00D96210 /* LoadingView.swift */,
				7064B2832C36DFF200B852ED /* Networking */,
				70DFAEAE2C5BCBB600D96210 /* Progress Indicators */,
				7064B2882C36E77E00B852ED /* Manager */,
				700D58942C38215000062863 /* Model */,
				70BAF9432BFF65980073AA23 /* LoginView */,
				70C169542C0DF24E005CCC6C /* HomeView */,
				7094CE622C2470560016F01B /* AddTaskView */,
				70E861B62C40151500F5032A /* UpdateTaskView */,
				70A298B32BED1944008C9A37 /* Preview Content */,
			);
			path = ToDo;
			sourceTree = "<group>";
		};
		70A298B32BED1944008C9A37 /* Preview Content */ = {
			isa = PBXGroup;
			children = (
				70A298B42BED1944008C9A37 /* Preview Assets.xcassets */,
			);
			path = "Preview Content";
			sourceTree = "<group>";
		};
		70BAF9432BFF65980073AA23 /* LoginView */ = {
			isa = PBXGroup;
			children = (
				70BAF9442BFF65E70073AA23 /* LoginView.swift */,
				70451D2D2C57B4F700FF6A13 /* LoginViewModel.swift */,
			);
			path = LoginView;
			sourceTree = "<group>";
		};
		70C169542C0DF24E005CCC6C /* HomeView */ = {
			isa = PBXGroup;
			children = (
				70C169522C0DF22A005CCC6C /* HomeView.swift */,
				7093437F2C5D2A91008D55B4 /* HomeViewModel.swift */,
			);
			name = HomeView;
			path = ..;
			sourceTree = "<group>";
		};
		70DFAEAE2C5BCBB600D96210 /* Progress Indicators */ = {
			isa = PBXGroup;
			children = (
				7093437D2C5D2963008D55B4 /* LoadingView.swift */,
			);
			path = "Progress Indicators";
			sourceTree = "<group>";
		};
		70E861B62C40151500F5032A /* UpdateTaskView */ = {
			isa = PBXGroup;
			children = (
				70E861B72C40155A00F5032A /* UpdateTaskView.swift */,
				70451D2F2C57B50A00FF6A13 /* UpdateTaskViewModel.swift */,
			);
			path = UpdateTaskView;
			sourceTree = "<group>";
		};
/* End PBXGroup section */

/* Begin PBXNativeTarget section */
		70A298A92BED1941008C9A37 /* ToDo */ = {
			isa = PBXNativeTarget;
			buildConfigurationList = 70A298B82BED1944008C9A37 /* Build configuration list for PBXNativeTarget "ToDo" */;
			buildPhases = (
				70A298A62BED1941008C9A37 /* Sources */,
				70A298A72BED1941008C9A37 /* Frameworks */,
				70A298A82BED1941008C9A37 /* Resources */,
			);
			buildRules = (
			);
			dependencies = (
			);
			name = ToDo;
			productName = ToDo;
			productReference = 70A298AA2BED1941008C9A37 /* ToDo.app */;
			productType = "com.apple.product-type.application";
		};
/* End PBXNativeTarget section */

/* Begin PBXProject section */
		70A298A22BED1941008C9A37 /* Project object */ = {
			isa = PBXProject;
			attributes = {
				BuildIndependentTargetsInParallel = 1;
				LastSwiftUpdateCheck = 1530;
				LastUpgradeCheck = 1530;
				TargetAttributes = {
					70A298A92BED1941008C9A37 = {
						CreatedOnToolsVersion = 15.3;
					};
				};
			};
			buildConfigurationList = 70A298A52BED1941008C9A37 /* Build configuration list for PBXProject "ToDo" */;
			compatibilityVersion = "Xcode 14.0";
			developmentRegion = en;
			hasScannedForEncodings = 0;
			knownRegions = (
				en,
				Base,
			);
			mainGroup = 70A298A12BED1941008C9A37;
			productRefGroup = 70A298AB2BED1941008C9A37 /* Products */;
			projectDirPath = "";
			projectRoot = "";
			targets = (
				70A298A92BED1941008C9A37 /* ToDo */,
			);
		};
/* End PBXProject section */

/* Begin PBXResourcesBuildPhase section */
		70A298A82BED1941008C9A37 /* Resources */ = {
			isa = PBXResourcesBuildPhase;
			buildActionMask = 2147483647;
			files = (
				70A298B52BED1944008C9A37 /* Preview Assets.xcassets in Resources */,
				70A298B22BED1944008C9A37 /* Assets.xcassets in Resources */,
			);
			runOnlyForDeploymentPostprocessing = 0;
		};
/* End PBXResourcesBuildPhase section */

/* Begin PBXSourcesBuildPhase section */
		70A298A62BED1941008C9A37 /* Sources */ = {
			isa = PBXSourcesBuildPhase;
			buildActionMask = 2147483647;
			files = (
				708E1BA62C3813F400E00FF1 /* UserService.swift in Sources */,
				7064B2852C36E75400B852ED /* TaskService.swift in Sources */,
				7064B28A2C36E80500B852ED /* UserManager.swift in Sources */,
				709343802C5D2A91008D55B4 /* HomeViewModel.swift in Sources */,
				70C169532C0DF22A005CCC6C /* HomeView.swift in Sources */,
				709343822C5D2B11008D55B4 /* AddTaskViewModel.swift in Sources */,
				70BAF9452BFF65E70073AA23 /* LoginView.swift in Sources */,
				70DFAEB22C5BCFFA00D96210 /* LoadingView.swift in Sources */,
				700D58962C38219800062863 /* TaskUnity.swift in Sources */,
				70E861B82C40155A00F5032A /* UpdateTaskView.swift in Sources */,
				7093437E2C5D2963008D55B4 /* LoadingView.swift in Sources */,
				700D58932C38213F00062863 /* NewTask.swift in Sources */,
				70451D2E2C57B4F700FF6A13 /* LoginViewModel.swift in Sources */,
				70A298AE2BED1941008C9A37 /* ToDoApp.swift in Sources */,
				70451D2C2C56736600FF6A13 /* TaskChanges.swift in Sources */,
				70451D302C57B50A00FF6A13 /* UpdateTaskViewModel.swift in Sources */,
				7094CE642C2470AD0016F01B /* AddTaskView.swift in Sources */,
			);
			runOnlyForDeploymentPostprocessing = 0;
		};
/* End PBXSourcesBuildPhase section */

/* Begin XCBuildConfiguration section */
		70A298B62BED1944008C9A37 /* Debug */ = {
			isa = XCBuildConfiguration;
			buildSettings = {
				ALWAYS_SEARCH_USER_PATHS = NO;
				ASSETCATALOG_COMPILER_GENERATE_SWIFT_ASSET_SYMBOL_EXTENSIONS = YES;
				CLANG_ANALYZER_NONNULL = YES;
				CLANG_ANALYZER_NUMBER_OBJECT_CONVERSION = YES_AGGRESSIVE;
				CLANG_CXX_LANGUAGE_STANDARD = "gnu++20";
				CLANG_ENABLE_MODULES = YES;
				CLANG_ENABLE_OBJC_ARC = YES;
				CLANG_ENABLE_OBJC_WEAK = YES;
				CLANG_WARN_BLOCK_CAPTURE_AUTORELEASING = YES;
				CLANG_WARN_BOOL_CONVERSION = YES;
				CLANG_WARN_COMMA = YES;
				CLANG_WARN_CONSTANT_CONVERSION = YES;
				CLANG_WARN_DEPRECATED_OBJC_IMPLEMENTATIONS = YES;
				CLANG_WARN_DIRECT_OBJC_ISA_USAGE = YES_ERROR;
				CLANG_WARN_DOCUMENTATION_COMMENTS = YES;
				CLANG_WARN_EMPTY_BODY = YES;
				CLANG_WARN_ENUM_CONVERSION = YES;
				CLANG_WARN_INFINITE_RECURSION = YES;
				CLANG_WARN_INT_CONVERSION = YES;
				CLANG_WARN_NON_LITERAL_NULL_CONVERSION = YES;
				CLANG_WARN_OBJC_IMPLICIT_RETAIN_SELF = YES;
				CLANG_WARN_OBJC_LITERAL_CONVERSION = YES;
				CLANG_WARN_OBJC_ROOT_CLASS = YES_ERROR;
				CLANG_WARN_QUOTED_INCLUDE_IN_FRAMEWORK_HEADER = YES;
				CLANG_WARN_RANGE_LOOP_ANALYSIS = YES;
				CLANG_WARN_STRICT_PROTOTYPES = YES;
				CLANG_WARN_SUSPICIOUS_MOVE = YES;
				CLANG_WARN_UNGUARDED_AVAILABILITY = YES_AGGRESSIVE;
				CLANG_WARN_UNREACHABLE_CODE = YES;
				CLANG_WARN__DUPLICATE_METHOD_MATCH = YES;
				COPY_PHASE_STRIP = NO;
				DEBUG_INFORMATION_FORMAT = dwarf;
				ENABLE_STRICT_OBJC_MSGSEND = YES;
				ENABLE_TESTABILITY = YES;
				ENABLE_USER_SCRIPT_SANDBOXING = YES;
				GCC_C_LANGUAGE_STANDARD = gnu17;
				GCC_DYNAMIC_NO_PIC = NO;
				GCC_NO_COMMON_BLOCKS = YES;
				GCC_OPTIMIZATION_LEVEL = 0;
				GCC_PREPROCESSOR_DEFINITIONS = (
					"DEBUG=1",
					"$(inherited)",
				);
				GCC_WARN_64_TO_32_BIT_CONVERSION = YES;
				GCC_WARN_ABOUT_RETURN_TYPE = YES_ERROR;
				GCC_WARN_UNDECLARED_SELECTOR = YES;
				GCC_WARN_UNINITIALIZED_AUTOS = YES_AGGRESSIVE;
				GCC_WARN_UNUSED_FUNCTION = YES;
				GCC_WARN_UNUSED_VARIABLE = YES;
				IPHONEOS_DEPLOYMENT_TARGET = 17.4;
				LOCALIZATION_PREFERS_STRING_CATALOGS = YES;
				MTL_ENABLE_DEBUG_INFO = INCLUDE_SOURCE;
				MTL_FAST_MATH = YES;
				ONLY_ACTIVE_ARCH = YES;
				SDKROOT = iphoneos;
				SWIFT_ACTIVE_COMPILATION_CONDITIONS = "DEBUG $(inherited)";
				SWIFT_OPTIMIZATION_LEVEL = "-Onone";
			};
			name = Debug;
		};
		70A298B72BED1944008C9A37 /* Release */ = {
			isa = XCBuildConfiguration;
			buildSettings = {
				ALWAYS_SEARCH_USER_PATHS = NO;
				ASSETCATALOG_COMPILER_GENERATE_SWIFT_ASSET_SYMBOL_EXTENSIONS = YES;
				CLANG_ANALYZER_NONNULL = YES;
				CLANG_ANALYZER_NUMBER_OBJECT_CONVERSION = YES_AGGRESSIVE;
				CLANG_CXX_LANGUAGE_STANDARD = "gnu++20";
				CLANG_ENABLE_MODULES = YES;
				CLANG_ENABLE_OBJC_ARC = YES;
				CLANG_ENABLE_OBJC_WEAK = YES;
				CLANG_WARN_BLOCK_CAPTURE_AUTORELEASING = YES;
				CLANG_WARN_BOOL_CONVERSION = YES;
				CLANG_WARN_COMMA = YES;
				CLANG_WARN_CONSTANT_CONVERSION = YES;
				CLANG_WARN_DEPRECATED_OBJC_IMPLEMENTATIONS = YES;
				CLANG_WARN_DIRECT_OBJC_ISA_USAGE = YES_ERROR;
				CLANG_WARN_DOCUMENTATION_COMMENTS = YES;
				CLANG_WARN_EMPTY_BODY = YES;
				CLANG_WARN_ENUM_CONVERSION = YES;
				CLANG_WARN_INFINITE_RECURSION = YES;
				CLANG_WARN_INT_CONVERSION = YES;
				CLANG_WARN_NON_LITERAL_NULL_CONVERSION = YES;
				CLANG_WARN_OBJC_IMPLICIT_RETAIN_SELF = YES;
				CLANG_WARN_OBJC_LITERAL_CONVERSION = YES;
				CLANG_WARN_OBJC_ROOT_CLASS = YES_ERROR;
				CLANG_WARN_QUOTED_INCLUDE_IN_FRAMEWORK_HEADER = YES;
				CLANG_WARN_RANGE_LOOP_ANALYSIS = YES;
				CLANG_WARN_STRICT_PROTOTYPES = YES;
				CLANG_WARN_SUSPICIOUS_MOVE = YES;
				CLANG_WARN_UNGUARDED_AVAILABILITY = YES_AGGRESSIVE;
				CLANG_WARN_UNREACHABLE_CODE = YES;
				CLANG_WARN__DUPLICATE_METHOD_MATCH = YES;
				COPY_PHASE_STRIP = NO;
				DEBUG_INFORMATION_FORMAT = "dwarf-with-dsym";
				ENABLE_NS_ASSERTIONS = NO;
				ENABLE_STRICT_OBJC_MSGSEND = YES;
				ENABLE_USER_SCRIPT_SANDBOXING = YES;
				GCC_C_LANGUAGE_STANDARD = gnu17;
				GCC_NO_COMMON_BLOCKS = YES;
				GCC_WARN_64_TO_32_BIT_CONVERSION = YES;
				GCC_WARN_ABOUT_RETURN_TYPE = YES_ERROR;
				GCC_WARN_UNDECLARED_SELECTOR = YES;
				GCC_WARN_UNINITIALIZED_AUTOS = YES_AGGRESSIVE;
				GCC_WARN_UNUSED_FUNCTION = YES;
				GCC_WARN_UNUSED_VARIABLE = YES;
				IPHONEOS_DEPLOYMENT_TARGET = 17.4;
				LOCALIZATION_PREFERS_STRING_CATALOGS = YES;
				MTL_ENABLE_DEBUG_INFO = NO;
				MTL_FAST_MATH = YES;
				SDKROOT = iphoneos;
				SWIFT_COMPILATION_MODE = wholemodule;
				VALIDATE_PRODUCT = YES;
			};
			name = Release;
		};
		70A298B92BED1944008C9A37 /* Debug */ = {
			isa = XCBuildConfiguration;
			buildSettings = {
				ASSETCATALOG_COMPILER_APPICON_NAME = AppIcon;
				ASSETCATALOG_COMPILER_GLOBAL_ACCENT_COLOR_NAME = AccentColor;
				CODE_SIGN_STYLE = Automatic;
				CURRENT_PROJECT_VERSION = 1;
				DEVELOPMENT_ASSET_PATHS = "\"ToDo/Preview Content\"";
				ENABLE_PREVIEWS = YES;
				GENERATE_INFOPLIST_FILE = YES;
				INFOPLIST_FILE = ToDo/Info.plist;
				INFOPLIST_KEY_UIApplicationSceneManifest_Generation = YES;
				INFOPLIST_KEY_UIApplicationSupportsIndirectInputEvents = YES;
				INFOPLIST_KEY_UILaunchScreen_Generation = YES;
				INFOPLIST_KEY_UISupportedInterfaceOrientations_iPad = "UIInterfaceOrientationPortrait UIInterfaceOrientationPortraitUpsideDown UIInterfaceOrientationLandscapeLeft UIInterfaceOrientationLandscapeRight";
				INFOPLIST_KEY_UISupportedInterfaceOrientations_iPhone = "UIInterfaceOrientationPortrait UIInterfaceOrientationLandscapeLeft UIInterfaceOrientationLandscapeRight";
				LD_RUNPATH_SEARCH_PATHS = (
					"$(inherited)",
					"@executable_path/Frameworks",
				);
				MARKETING_VERSION = 1.0;
				PRODUCT_BUNDLE_IDENTIFIER = mirelle.ToDo;
				PRODUCT_NAME = "$(TARGET_NAME)";
				SWIFT_EMIT_LOC_STRINGS = YES;
				SWIFT_VERSION = 5.0;
				TARGETED_DEVICE_FAMILY = "1,2";
			};
			name = Debug;
		};
		70A298BA2BED1944008C9A37 /* Release */ = {
			isa = XCBuildConfiguration;
			buildSettings = {
				ASSETCATALOG_COMPILER_APPICON_NAME = AppIcon;
				ASSETCATALOG_COMPILER_GLOBAL_ACCENT_COLOR_NAME = AccentColor;
				CODE_SIGN_STYLE = Automatic;
				CURRENT_PROJECT_VERSION = 1;
				DEVELOPMENT_ASSET_PATHS = "\"ToDo/Preview Content\"";
				ENABLE_PREVIEWS = YES;
				GENERATE_INFOPLIST_FILE = YES;
				INFOPLIST_FILE = ToDo/Info.plist;
				INFOPLIST_KEY_UIApplicationSceneManifest_Generation = YES;
				INFOPLIST_KEY_UIApplicationSupportsIndirectInputEvents = YES;
				INFOPLIST_KEY_UILaunchScreen_Generation = YES;
				INFOPLIST_KEY_UISupportedInterfaceOrientations_iPad = "UIInterfaceOrientationPortrait UIInterfaceOrientationPortraitUpsideDown UIInterfaceOrientationLandscapeLeft UIInterfaceOrientationLandscapeRight";
				INFOPLIST_KEY_UISupportedInterfaceOrientations_iPhone = "UIInterfaceOrientationPortrait UIInterfaceOrientationLandscapeLeft UIInterfaceOrientationLandscapeRight";
				LD_RUNPATH_SEARCH_PATHS = (
					"$(inherited)",
					"@executable_path/Frameworks",
				);
				MARKETING_VERSION = 1.0;
				PRODUCT_BUNDLE_IDENTIFIER = mirelle.ToDo;
				PRODUCT_NAME = "$(TARGET_NAME)";
				SWIFT_EMIT_LOC_STRINGS = YES;
				SWIFT_VERSION = 5.0;
				TARGETED_DEVICE_FAMILY = "1,2";
			};
			name = Release;
		};
/* End XCBuildConfiguration section */

/* Begin XCConfigurationList section */
		70A298A52BED1941008C9A37 /* Build configuration list for PBXProject "ToDo" */ = {
			isa = XCConfigurationList;
			buildConfigurations = (
				70A298B62BED1944008C9A37 /* Debug */,
				70A298B72BED1944008C9A37 /* Release */,
			);
			defaultConfigurationIsVisible = 0;
			defaultConfigurationName = Release;
		};
		70A298B82BED1944008C9A37 /* Build configuration list for PBXNativeTarget "ToDo" */ = {
			isa = XCConfigurationList;
			buildConfigurations = (
				70A298B92BED1944008C9A37 /* Debug */,
				70A298BA2BED1944008C9A37 /* Release */,
			);
			defaultConfigurationIsVisible = 0;
			defaultConfigurationName = Release;
		};
/* End XCConfigurationList section */
	};
	rootObject = 70A298A22BED1941008C9A37 /* Project object */;
}
